{
    "_meta": {
        "hash": {
            "sha256": "f9f666007bf9a79dc7916f3ce1c9c4c31977ac04593fb14418db80e3883b92c1"
        },
        "pipfile-spec": 6,
        "requires": {
            "python_version": "3.11"
        },
        "sources": [
            {
                "name": "pypi",
                "url": "https://pypi.org/simple",
                "verify_ssl": true
            }
        ]
    },
    "default": {
        "anyio": {
            "hashes": [
                "sha256:44a3c9aba0f5defa43261a8b3efb97891f2bd7d804e0e1f56419befa1adfc780",
                "sha256:91dee416e570e92c64041bd18b900d1d6fa78dff7048769ce5ac5ddad004fbb5"
            ],
            "markers": "python_version >= '3.7'",
            "version": "==3.7.1"
        },
        "click": {
            "hashes": [
                "sha256:2739815aaa5d2c986a88f1e9230c55e17f0caad3d958a5e13ad0797c166db9e3",
                "sha256:b97d0c74955da062a7d4ef92fadb583806a585b2ea81958a81bd72726cbb8e37"
            ],
            "markers": "python_version >= '3.7'",
            "version": "==8.1.4"
        },
        "fastapi": {
            "hashes": [
                "sha256:271662daf986da8fa98dc2b7c7f61c4abdfdccfb4786d79ed8b2878f172c6d5f",
                "sha256:acb5f941ea8215663283c10018323ba7ea737c571b67fc7e88e9469c7eb1d12e"
            ],
            "index": "pypi",
            "version": "==0.100.0"
        },
        "greenlet": {
            "hashes": [
                "sha256:0a9dfcadc1d79696e90ccb1275c30ad4ec5fd3d1ab3ae6671286fac78ef33435",
                "sha256:0f313771cb8ee0a04dfdf586b7d4076180d80c94be09049daeea018089b5b957",
                "sha256:17503397bf6cbb5e364217143b6150c540020c51a3f6b08f9a20cd67c25e2ca8",
                "sha256:180ec55cb127bc745669eddc9793ffab6e0cf7311e67e1592f183d6ca00d88c1",
                "sha256:1b3f3568478bc21b85968e8038c4f98f4bf0039a692791bc324b5e0d1522f4b1",
                "sha256:1bd4ea36f0aeb14ca335e0c9594a5aaefa1ac4e2db7d86ba38f0be96166b3102",
                "sha256:21ebcb570e0d8501457d6a2695a44c5af3b6c2143dc6644ec73574beba067c90",
                "sha256:24071eee113d75fedebaeb86264d94f04b5a24e311c5ba3e8003c07d00112a7e",
                "sha256:270432cfdd6a50016b8259b3bbf398a3f7c06a06f2c68c7b93e49f53bc193bcf",
                "sha256:271ed380389d2f7e4c1545b6e0837986e62504ab561edbaff05da9c9f3f98f96",
                "sha256:2840187a94e258445e62ff1545e34f0b1a14aef4d0078e5c88246688d2b6515e",
                "sha256:2cda110faee67613fed221f90467003f477088ef1cc84c8fc88537785a5b4de9",
                "sha256:2e160a65cc6023a237be870f2072513747d512a1d018efa083acce0b673cccc0",
                "sha256:2fcf7af83516db35af3d0ed5d182dea8585eddd891977adff1b74212f4bfd2fd",
                "sha256:36cebce1f30964d5672fd956860e7e7b69772da69658d5743cb676b442eeff36",
                "sha256:42bfe67824a9b53e73f568f982f0d1d4c7ac0f587d2e702a23f8a7b505d7b7c2",
                "sha256:450a7e52a515402fd110ba807f1a7d464424bfa703be4effbcb97e1dfbfcc621",
                "sha256:463d63ca5d8c236788284a9a44b9715372a64d5318a6b5eee36815df1ea0ba3d",
                "sha256:4d0c0ffd732466ff324ced144fad55ed5deca36f6036c1d8f04cec69b084c9d6",
                "sha256:4ff2a765f4861fc018827eab4df1992f7508d06c62de5d2fe8a6ac2233d4f1d0",
                "sha256:53abf19b7dc62795c67b8d0a3d8ef866db166b21017632fff2624cf8fbf3481c",
                "sha256:5552d7be37d878e9b6359bbffa0512d857bb9703616a4c0656b49c10739d5971",
                "sha256:585810056a8adacd3152945ebfcd25deb58335d41f16ae4e0f3d768918957f9a",
                "sha256:5942b1d6ba447cff1ec23a21ec525dde2288f00464950bc647f4e0f03bd537d1",
                "sha256:5c355c99be5bb23e85d899b059a4f22fdf8a0741c57e7029425ee63eb436f689",
                "sha256:5f61df4fe07864561f49b45c8bd4d2c42e3f03d2872ed05c844902a58b875028",
                "sha256:665942d3a954c3e4c976581715f57fb3b86f4cf6bae3ac30b133f8ff777ac6c7",
                "sha256:68368e908f14887fb202a81960bfbe3a02d97e6d3fa62b821556463084ffb131",
                "sha256:6aac94ff957b5dea0216af71ab59c602e1b947b394e4f5e878a5a65643090038",
                "sha256:889934aa8d72b6bfc46babd1dc4b817a56c97ec0f4a10ae7551fb60ab1f96fae",
                "sha256:a00550757fca1b9cbc479f8eb1cf3514dbc0103b3f76eae46341c26ddcca67a9",
                "sha256:a4a2d6ed0515c05afd5cc435361ced0baabd9ba4536ddfe8ad9a95bcb702c8ce",
                "sha256:a8dd92fd76a61af2abc8ccad0c6c6069b3c4ebd4727ecc9a7c33aae37651c8c7",
                "sha256:ab81f9ff3e3c2ca65e824454214c10985a846cd9bee5f4d04e15cd875d9fe13b",
                "sha256:ac10196b8cde7a082e4e371ff171407270d3337c8d57ed43030094eb01d9c95c",
                "sha256:b767930af686551dc96a5eb70af3736709d547ffa275c11a5e820bfb3ae61d8d",
                "sha256:b9a1f4d256b81f59ba87bb7a29b9b38b1c018e052dba60a543cb0ddb5062d159",
                "sha256:ba94c08321b5d345100fc64eb1ab235f42faf9aabba805cface55ebe677f1c2c",
                "sha256:bab71f73001cd15723c4e2ca398f2f48e0a3f584c619eefddb1525e8986e06eb",
                "sha256:bce5cf2b0f0b29680396c5c98ab39a011bd70f2dfa8b8a6811a69ee6d920cf9f",
                "sha256:c02e514c72e745e49a3ae7e672a1018ba9b68460c21e0361054e956e5d595bc6",
                "sha256:c3fb459ced6c5e3b2a895f23f1400f93e9b24d85c30fbe2d637d4f7706a1116b",
                "sha256:cd31ab223e43ac64fd23f8f5dad249addadac2a459f040546200acbf7e84e353",
                "sha256:ce70aa089ec589b5d5fab388af9f8c9f9dfe8fe4ad844820a92eb240d8628ddf",
                "sha256:d47b2e1ad1429da9aa459ef189fbcd8a74ec28a16bc4c3f5f3cf3f88e36535eb",
                "sha256:d61bad421c1f496f9fb6114dbd7c30a1dac0e9ff90e9be06f4472cbd8f7a1704",
                "sha256:d7ba2e5cb119eddbc10874b41047ad99525e39e397f7aef500e6da0d6f46ab91",
                "sha256:dde0ab052c7a1deee8d13d72c37f2afecee30ebdf6eb139790157eaddf04dd61",
                "sha256:df34b52aa50a38d7a79f3abc9fda7e400791447aa0400ed895f275f6d8b0bb1f",
                "sha256:e0fc20e6e6b298861035a5fc5dcf9fbaa0546318e8bda81112591861a7dcc28f",
                "sha256:e20d5e8dc76b73db9280464d6e81bea05e51a99f4d4dd29c5f78dc79f294a5d3",
                "sha256:e31d1a33dc9006b278f72cb0aacfe397606c2693aa2fdc0c2f2dcddbad9e0b53",
                "sha256:e3a99f890f2cc5535e1b3a90049c6ca9ff9da9ec251cc130c8d269997f9d32ee",
                "sha256:e7b192c3df761d0fdd17c2d42d41c28460f124f5922e8bd524018f1d35610682",
                "sha256:ed0f4fad4c3656e34d20323a789b6a2d210a6bb82647d9c86dded372f55c58a1",
                "sha256:f34ec09702be907727fd479046193725441aaaf7ed4636ca042734f469bb7451",
                "sha256:f3530c0ec1fc98c43d5b7061781a8c55bd0db44f789f8152e19d9526cbed6021",
                "sha256:f5672082576d0e9f52fa0fa732ff57254d65faeb4a471bc339fe54b58b3e79d2",
                "sha256:ffb9f8969789771e95d3c982a36be81f0adfaa7302a1d56e29f168ca15e284b8"
            ],
            "markers": "python_version >= '3' and (platform_machine == 'aarch64' or (platform_machine == 'ppc64le' or (platform_machine == 'x86_64' or (platform_machine == 'amd64' or (platform_machine == 'AMD64' or (platform_machine == 'win32' or platform_machine == 'WIN32'))))))",
            "version": "==3.0.0a1"
        },
        "h11": {
            "hashes": [
                "sha256:8f19fbbe99e72420ff35c00b27a34cb9937e902a8b810e2c88300c6f0a3b699d",
                "sha256:e3fe4ac4b851c468cc8363d500db52c2ead036020723024a109d37346efaa761"
            ],
            "markers": "python_version >= '3.7'",
            "version": "==0.14.0"
        },
        "idna": {
            "hashes": [
                "sha256:814f528e8dead7d329833b91c5faa87d60bf71824cd12a7530b5526063d02cb4",
                "sha256:90b77e79eaa3eba6de819a0c442c0b4ceefc341a7a2ab77d7562bf49f425c5c2"
            ],
            "markers": "python_version >= '3.5'",
            "version": "==3.4"
        },
        "pydantic": {
            "hashes": [
                "sha256:008c5e266c8aada206d0627a011504e14268a62091450210eda7c07fabe6963e",
                "sha256:0588788a9a85f3e5e9ebca14211a496409cb3deca5b6971ff37c556d581854e7",
                "sha256:08a6c32e1c3809fbc49debb96bf833164f3438b3696abf0fbeceb417d123e6eb",
                "sha256:16928fdc9cb273c6af00d9d5045434c39afba5f42325fb990add2c241402d151",
                "sha256:174899023337b9fc685ac8adaa7b047050616136ccd30e9070627c1aaab53a13",
                "sha256:192c608ad002a748e4a0bed2ddbcd98f9b56df50a7c24d9a931a8c5dd053bd3d",
                "sha256:1954f8778489a04b245a1e7b8b22a9d3ea8ef49337285693cf6959e4b757535e",
                "sha256:2417de68290434461a266271fc57274a138510dca19982336639484c73a07af6",
                "sha256:265a60da42f9f27e0b1014eab8acd3e53bd0bad5c5b4884e98a55f8f596b2c19",
                "sha256:331c031ba1554b974c98679bd0780d89670d6fd6f53f5d70b10bdc9addee1713",
                "sha256:373c0840f5c2b5b1ccadd9286782852b901055998136287828731868027a724f",
                "sha256:3f34739a89260dfa420aa3cbd069fbcc794b25bbe5c0a214f8fb29e363484b66",
                "sha256:41e0bb6efe86281623abbeeb0be64eab740c865388ee934cd3e6a358784aca6e",
                "sha256:4400015f15c9b464c9db2d5d951b6a780102cfa5870f2c036d37c23b56f7fc1b",
                "sha256:44e51ba599c3ef227e168424e220cd3e544288c57829520dc90ea9cb190c3248",
                "sha256:469adf96c8e2c2bbfa655fc7735a2a82f4c543d9fee97bd113a7fb509bf5e622",
                "sha256:5b02d24f7b2b365fed586ed73582c20f353a4c50e4be9ba2c57ab96f8091ddae",
                "sha256:7522a7666157aa22b812ce14c827574ddccc94f361237ca6ea8bb0d5c38f1629",
                "sha256:787cf23e5a0cde753f2eabac1b2e73ae3844eb873fd1f5bdbff3048d8dbb7604",
                "sha256:8268a735a14c308923e8958363e3a3404f6834bb98c11f5ab43251a4e410170c",
                "sha256:8dc77064471780262b6a68fe67e013298d130414d5aaf9b562c33987dbd2cf4f",
                "sha256:a451ccab49971af043ec4e0d207cbc8cbe53dbf148ef9f19599024076fe9c25b",
                "sha256:a6c098d4ab5e2d5b3984d3cb2527e2d6099d3de85630c8934efcfdc348a9760e",
                "sha256:abade85268cc92dff86d6effcd917893130f0ff516f3d637f50dadc22ae93999",
                "sha256:bc64eab9b19cd794a380179ac0e6752335e9555d214cfcb755820333c0784cb3",
                "sha256:c3339a46bbe6013ef7bdd2844679bfe500347ac5742cd4019a88312aa58a9847",
                "sha256:d185819a7a059550ecb85d5134e7d40f2565f3dd94cfd870132c5f91a89cf58c",
                "sha256:d7781f1d13b19700b7949c5a639c764a077cbbdd4322ed505b449d3ca8edcb36",
                "sha256:e297897eb4bebde985f72a46a7552a7556a3dd11e7f76acda0c1093e3dbcf216",
                "sha256:e6cbfbd010b14c8a905a7b10f9fe090068d1744d46f9e0c021db28daeb8b6de1",
                "sha256:e9738b0f2e6c70f44ee0de53f2089d6002b10c33264abee07bdb5c7f03038303",
                "sha256:e9baf78b31da2dc3d3f346ef18e58ec5f12f5aaa17ac517e2ffd026a92a87588",
                "sha256:ef55392ec4bb5721f4ded1096241e4b7151ba6d50a50a80a2526c854f42e6a2f",
                "sha256:f66d479cf7eb331372c470614be6511eae96f1f120344c25f3f9bb59fb1b5528",
                "sha256:fe429898f2c9dd209bd0632a606bddc06f8bce081bbd03d1c775a45886e2c1cb",
                "sha256:ff44c5e89315b15ff1f7fdaf9853770b810936d6b01a7bcecaa227d2f8fe444f"
            ],
            "index": "pypi",
            "version": "==1.10.11"
        },
        "sniffio": {
            "hashes": [
                "sha256:e60305c5e5d314f5389259b7f22aaa33d8f7dee49763119234af3755c55b9101",
                "sha256:eecefdce1e5bbfb7ad2eeaabf7c1eeb404d7757c379bd1f7e5cce9d8bf425384"
            ],
            "markers": "python_version >= '3.7'",
            "version": "==1.3.0"
        },
        "sqlalchemy": {
            "hashes": [
                "sha256:0002e829142b2af00b4eaa26c51728f3ea68235f232a2e72a9508a3116bd6ed0",
                "sha256:0005bd73026cd239fc1e8ccdf54db58b6193be9a02b3f0c5983808f84862c767",
                "sha256:0292f70d1797e3c54e862e6f30ae474014648bc9c723e14a2fda730adb0a9791",
                "sha256:036d8472356e1d5f096c5e0e1a7e0f9182140ada3602f8fff6b7329e9e7cfbcd",
                "sha256:05f0de3a1dc3810a776275763764bb0015a02ae0f698a794646ebc5fb06fad33",
                "sha256:0990932f7cca97fece8017414f57fdd80db506a045869d7ddf2dda1d7cf69ecc",
                "sha256:13e397a9371ecd25573a7b90bd037db604331cf403f5318038c46ee44908c44d",
                "sha256:14576238a5f89bcf504c5f0a388d0ca78df61fb42cb2af0efe239dc965d4f5c9",
                "sha256:199a73c31ac8ea59937cc0bf3dfc04392e81afe2ec8a74f26f489d268867846c",
                "sha256:2082a2d2fca363a3ce21cfa3d068c5a1ce4bf720cf6497fb3a9fc643a8ee4ddd",
                "sha256:22ff16cedab5b16a0db79f1bc99e46a6ddececb60c396562e50aab58ddb2871c",
                "sha256:2307495d9e0ea00d0c726be97a5b96615035854972cc538f6e7eaed23a35886c",
                "sha256:2ad2b727fc41c7f8757098903f85fafb4bf587ca6605f82d9bf5604bd9c7cded",
                "sha256:2d6495f84c4fd11584f34e62f9feec81bf373787b3942270487074e35cbe5330",
                "sha256:361f6b5e3f659e3c56ea3518cf85fbdae1b9e788ade0219a67eeaaea8a4e4d2a",
                "sha256:3e2ef592ac3693c65210f8b53d0edcf9f4405925adcfc031ff495e8d18169682",
                "sha256:4676d51c9f6f6226ae8f26dc83ec291c088fe7633269757d333978df78d931ab",
                "sha256:4ba7e122510bbc07258dc42be6ed45997efdf38129bde3e3f12649be70683546",
                "sha256:5102fb9ee2c258a2218281adcb3e1918b793c51d6c2b4666ce38c35101bb940e",
                "sha256:5323252be2bd261e0aa3f33cb3a64c45d76829989fa3ce90652838397d84197d",
                "sha256:58bb65b3274b0c8a02cea9f91d6f44d0da79abc993b33bdedbfec98c8440175a",
                "sha256:59bdc291165b6119fc6cdbc287c36f7f2859e6051dd923bdf47b4c55fd2f8bd0",
                "sha256:5facb7fd6fa8a7353bbe88b95695e555338fb038ad19ceb29c82d94f62775a05",
                "sha256:639e1ae8d48b3c86ffe59c0daa9a02e2bfe17ca3d2b41611b30a0073937d4497",
                "sha256:8eb8897367a21b578b26f5713833836f886817ee2ffba1177d446fa3f77e67c8",
                "sha256:90484a2b00baedad361402c257895b13faa3f01780f18f4a104a2f5c413e4536",
                "sha256:9c56e19780cd1344fcd362fd6265a15f48aa8d365996a37fab1495cae8fcd97d",
                "sha256:b67fc780cfe2b306180e56daaa411dd3186bf979d50a6a7c2a5b5036575cbdbb",
                "sha256:c0dcf127bb99458a9d211e6e1f0f3edb96c874dd12f2503d4d8e4f1fd103790b",
                "sha256:c23d64a0b28fc78c96289ffbd0d9d1abd48d267269b27f2d34e430ea73ce4b26",
                "sha256:ccfd238f766a5bb5ee5545a62dd03f316ac67966a6a658efb63eeff8158a4bbf",
                "sha256:cd767cf5d7252b1c88fcfb58426a32d7bd14a7e4942497e15b68ff5d822b41ad",
                "sha256:ce8feaa52c1640de9541eeaaa8b5fb632d9d66249c947bb0d89dd01f87c7c288",
                "sha256:d2e054aed4645f9b755db85bc69fc4ed2c9020c19c8027976f66576b906a74f1",
                "sha256:e16c2be5cb19e2c08da7bd3a87fed2a0d4e90065ee553a940c4fc1a0fb1ab72b",
                "sha256:e4b12e3d88a8fffd0b4ca559f6d4957ed91bd4c0613a4e13846ab8729dc5c251",
                "sha256:e570cfc40a29d6ad46c9aeaddbdcee687880940a3a327f2c668dd0e4ef0a441d",
                "sha256:eb30cf008850c0a26b72bd1b9be6730830165ce049d239cfdccd906f2685f892",
                "sha256:f37fa70d95658763254941ddd30ecb23fc4ec0c5a788a7c21034fc2305dab7cc",
                "sha256:f5ebeeec5c14533221eb30bad716bc1fd32f509196318fb9caa7002c4a364e4c",
                "sha256:f5fa526d027d804b1f85cdda1eb091f70bde6fb7d87892f6dd5a48925bc88898"
            ],
            "markers": "python_version >= '2.7' and python_version not in '3.0, 3.1, 3.2, 3.3, 3.4, 3.5'",
            "version": "==1.4.41"
        },
        "sqlalchemy2-stubs": {
            "hashes": [
                "sha256:593784ff9fc0dc2ded1895e3322591689db3be06f3ca006e3ef47640baf2d38a",
                "sha256:bd5d530697d7e8c8504c7fe792ef334538392a5fb7aa7e4f670bfacdd668a19d"
            ],
            "markers": "python_version >= '3.6'",
            "version": "==0.0.2a35"
        },
        "sqlmodel": {
            "hashes": [
                "sha256:0fd805719e0c5d4f22be32eb3ffc856eca3f7f20e8c7aa3e117ad91684b518ee",
                "sha256:3371b4d1ad59d2ffd0c530582c2140b6c06b090b32af9b9c6412986d7b117036"
            ],
            "index": "pypi",
            "version": "==0.0.8"
        },
        "starlette": {
            "hashes": [
                "sha256:6a6b0d042acb8d469a01eba54e9cda6cbd24ac602c4cd016723117d6a7e73b75",
                "sha256:918416370e846586541235ccd38a474c08b80443ed31c578a418e2209b3eef91"
            ],
            "markers": "python_version >= '3.7'",
            "version": "==0.27.0"
        },
        "typing-extensions": {
            "hashes": [
                "sha256:440d5dd3af93b060174bf433bccd69b0babc3b15b1a8dca43789fd7f61514b36",
                "sha256:b75ddc264f0ba5615db7ba217daeb99701ad295353c45f9e95963337ceeeffb2"
            ],
            "index": "pypi",
            "version": "==4.7.1"
        },
        "uvicorn": {
            "hashes": [
                "sha256:79277ae03db57ce7d9aa0567830bbb51d7a612f54d6e1e3e92da3ef24c2c8ed8",
                "sha256:e9434d3bbf05f310e762147f769c9f21235ee118ba2d2bf1155a7196448bd996"
            ],
            "index": "pypi",
            "version": "==0.22.0"
        }
    },
    "develop": {
        "anyio": {
            "hashes": [
                "sha256:44a3c9aba0f5defa43261a8b3efb97891f2bd7d804e0e1f56419befa1adfc780",
                "sha256:91dee416e570e92c64041bd18b900d1d6fa78dff7048769ce5ac5ddad004fbb5"
            ],
            "markers": "python_version >= '3.7'",
            "version": "==3.7.1"
        },
        "black": {
            "hashes": [
                "sha256:01ede61aac8c154b55f35301fac3e730baf0c9cf8120f65a9cd61a81cfb4a0c3",
                "sha256:022a582720b0d9480ed82576c920a8c1dde97cc38ff11d8d8859b3bd6ca9eedb",
                "sha256:25cc308838fe71f7065df53aedd20327969d05671bac95b38fdf37ebe70ac087",
                "sha256:27eb7a0c71604d5de083757fbdb245b1a4fae60e9596514c6ec497eb63f95320",
                "sha256:327a8c2550ddc573b51e2c352adb88143464bb9d92c10416feb86b0f5aee5ff6",
                "sha256:47e56d83aad53ca140da0af87678fb38e44fd6bc0af71eebab2d1f59b1acf1d3",
                "sha256:501387a9edcb75d7ae8a4412bb8749900386eaef258f1aefab18adddea1936bc",
                "sha256:552513d5cd5694590d7ef6f46e1767a4df9af168d449ff767b13b084c020e63f",
                "sha256:5c4bc552ab52f6c1c506ccae05681fab58c3f72d59ae6e6639e8885e94fe2587",
                "sha256:642496b675095d423f9b8448243336f8ec71c9d4d57ec17bf795b67f08132a91",
                "sha256:6d1c6022b86f83b632d06f2b02774134def5d4d4f1dac8bef16d90cda18ba28a",
                "sha256:7f3bf2dec7d541b4619b8ce526bda74a6b0bffc480a163fed32eb8b3c9aed8ad",
                "sha256:831d8f54c3a8c8cf55f64d0422ee875eecac26f5f649fb6c1df65316b67c8926",
                "sha256:8417dbd2f57b5701492cd46edcecc4f9208dc75529bcf76c514864e48da867d9",
                "sha256:86cee259349b4448adb4ef9b204bb4467aae74a386bce85d56ba4f5dc0da27be",
                "sha256:893695a76b140881531062d48476ebe4a48f5d1e9388177e175d76234ca247cd",
                "sha256:9fd59d418c60c0348505f2ddf9609c1e1de8e7493eab96198fc89d9f865e7a96",
                "sha256:ad0014efc7acf0bd745792bd0d8857413652979200ab924fbf239062adc12491",
                "sha256:b5b0ee6d96b345a8b420100b7d71ebfdd19fab5e8301aff48ec270042cd40ac2",
                "sha256:c333286dc3ddca6fdff74670b911cccedacb4ef0a60b34e491b8a67c833b343a",
                "sha256:f9062af71c59c004cd519e2fb8f5d25d39e46d3af011b41ab43b9c74e27e236f",
                "sha256:fb074d8b213749fa1d077d630db0d5f8cc3b2ae63587ad4116e8a436e9bbe995"
            ],
            "index": "pypi",
            "version": "==23.7.0"
        },
        "certifi": {
            "hashes": [
                "sha256:0f0d56dc5a6ad56fd4ba36484d6cc34451e1c6548c61daad8c320169f91eddc7",
                "sha256:c6c2e98f5c7869efca1f8916fed228dd91539f9f1b444c314c06eef02980c716"
            ],
            "markers": "python_version >= '3.6'",
            "version": "==2023.5.7"
        },
        "click": {
            "hashes": [
                "sha256:2739815aaa5d2c986a88f1e9230c55e17f0caad3d958a5e13ad0797c166db9e3",
                "sha256:b97d0c74955da062a7d4ef92fadb583806a585b2ea81958a81bd72726cbb8e37"
            ],
            "markers": "python_version >= '3.7'",
            "version": "==8.1.4"
        },
        "flake8": {
            "hashes": [
                "sha256:3833794e27ff64ea4e9cf5d410082a8b97ff1a06c16aa3d2027339cd0f1195c7",
                "sha256:c61007e76655af75e6785a931f452915b371dc48f56efd765247c8fe68f2b181"
            ],
            "index": "pypi",
            "version": "==6.0.0"
        },
        "h11": {
            "hashes": [
                "sha256:8f19fbbe99e72420ff35c00b27a34cb9937e902a8b810e2c88300c6f0a3b699d",
                "sha256:e3fe4ac4b851c468cc8363d500db52c2ead036020723024a109d37346efaa761"
            ],
            "markers": "python_version >= '3.7'",
            "version": "==0.14.0"
        },
        "httpcore": {
            "hashes": [
                "sha256:a6f30213335e34c1ade7be6ec7c47f19f50c56db36abef1a9dfa3815b1cb3888",
                "sha256:c2789b767ddddfa2a5782e3199b2b7f6894540b17b16ec26b2c4d8e103510b87"
            ],
            "markers": "python_version >= '3.7'",
            "version": "==0.17.3"
        },
        "httpx": {
            "hashes": [
                "sha256:06781eb9ac53cde990577af654bd990a4949de37a28bdb4a230d434f3a30b9bd",
                "sha256:5853a43053df830c20f8110c5e69fe44d035d850b2dfe795e196f00fdb774bdd"
            ],
            "index": "pypi",
            "version": "==0.24.1"
        },
        "idna": {
            "hashes": [
                "sha256:814f528e8dead7d329833b91c5faa87d60bf71824cd12a7530b5526063d02cb4",
                "sha256:90b77e79eaa3eba6de819a0c442c0b4ceefc341a7a2ab77d7562bf49f425c5c2"
            ],
            "markers": "python_version >= '3.5'",
            "version": "==3.4"
        },
        "iniconfig": {
            "hashes": [
                "sha256:2d91e135bf72d31a410b17c16da610a82cb55f6b0477d1a902134b24a455b8b3",
                "sha256:b6a85871a79d2e3b22d2d1b94ac2824226a63c6b741c88f7ae975f18b6778374"
            ],
            "markers": "python_version >= '3.7'",
            "version": "==2.0.0"
        },
        "mccabe": {
            "hashes": [
                "sha256:348e0240c33b60bbdf4e523192ef919f28cb2c3d7d5c7794f74009290f236325",
                "sha256:6c2d30ab6be0e4a46919781807b4f0d834ebdd6c6e3dca0bda5a15f863427b6e"
            ],
            "markers": "python_version >= '3.6'",
            "version": "==0.7.0"
        },
        "mypy-extensions": {
            "hashes": [
                "sha256:4392f6c0eb8a5668a69e23d168ffa70f0be9ccfd32b5cc2d26a34ae5b844552d",
                "sha256:75dbf8955dc00442a438fc4d0666508a9a97b6bd41aa2f0ffe9d2f2725af0782"
            ],
            "markers": "python_version >= '3.5'",
            "version": "==1.0.0"
        },
        "packaging": {
            "hashes": [
                "sha256:994793af429502c4ea2ebf6bf664629d07c1a9fe974af92966e4b8d2df7edc61",
                "sha256:a392980d2b6cffa644431898be54b0045151319d1e7ec34f0cfed48767dd334f"
            ],
            "markers": "python_version >= '3.7'",
            "version": "==23.1"
        },
        "pathspec": {
            "hashes": [
                "sha256:2798de800fa92780e33acca925945e9a19a133b715067cf165b8866c15a31687",
                "sha256:d8af70af76652554bd134c22b3e8a1cc46ed7d91edcdd721ef1a0c51a84a5293"
            ],
            "markers": "python_version >= '3.7'",
            "version": "==0.11.1"
        },
        "platformdirs": {
            "hashes": [
                "sha256:cec7b889196b9144d088e4c57d9ceef7374f6c39694ad1577a0aab50d27ea28c",
                "sha256:f87ca4fcff7d2b0f81c6a748a77973d7af0f4d526f98f308477c3c436c74d528"
            ],
            "markers": "python_version >= '3.7'",
            "version": "==3.8.1"
        },
        "pluggy": {
            "hashes": [
                "sha256:c2fd55a7d7a3863cba1a013e4e2414658b1d07b6bc57b3919e0c63c9abb99849",
                "sha256:d12f0c4b579b15f5e054301bb226ee85eeeba08ffec228092f8defbaa3a4c4b3"
            ],
            "markers": "python_version >= '3.7'",
            "version": "==1.2.0"
        },
        "pycodestyle": {
            "hashes": [
                "sha256:347187bdb476329d98f695c213d7295a846d1152ff4fe9bacb8a9590b8ee7053",
                "sha256:8a4eaf0d0495c7395bdab3589ac2db602797d76207242c17d470186815706610"
            ],
            "markers": "python_version >= '3.6'",
            "version": "==2.10.0"
        },
        "pyflakes": {
            "hashes": [
                "sha256:ec55bf7fe21fff7f1ad2f7da62363d749e2a470500eab1b555334b67aa1ef8cf",
                "sha256:ec8b276a6b60bd80defed25add7e439881c19e64850afd9b346283d4165fd0fd"
            ],
            "markers": "python_version >= '3.6'",
            "version": "==3.0.1"
        },
        "pytest": {
            "hashes": [
                "sha256:78bf16451a2eb8c7a2ea98e32dc119fd2aa758f1d5d66dbf0a59d69a3969df32",
                "sha256:b4bf8c45bd59934ed84001ad51e11b4ee40d40a1229d2c79f9c592b0a3f6bd8a"
            ],
            "index": "pypi",
            "version": "==7.4.0"
        },
        "sniffio": {
            "hashes": [
                "sha256:e60305c5e5d314f5389259b7f22aaa33d8f7dee49763119234af3755c55b9101",
                "sha256:eecefdce1e5bbfb7ad2eeaabf7c1eeb404d7757c379bd1f7e5cce9d8bf425384"
            ],
            "markers": "python_version >= '3.7'",
            "version": "==1.3.0"
        }
    }
}
